
Microsoft Visual Studio Solution File, Format Version 12.00
# Visual Studio Version 16
VisualStudioVersion = 16.0.29905.134
MinimumVisualStudioVersion = 10.0.40219.1
Project("{FAE04EC0-301F-11D3-BF4B-00C04F79EFBC}") = "Snipplets", "Snipplets\Snipplets.csproj", "{6AD0C315-E561-4F73-98D3-83946BD6A204}"
EndProject
Global
	GlobalSection(SolutionConfigurationPlatforms) = preSolution
		Debug|Any CPU = Debug|Any CPU
		Release|Any CPU = Release|Any CPU
	EndGlobalSection
	GlobalSection(ProjectConfigurationPlatforms) = postSolution
		{6AD0C315-E561-4F73-98D3-83946BD6A204}.Debug|Any CPU.ActiveCfg = Debug|Any CPU
		{6AD0C315-E561-4F73-98D3-83946BD6A204}.Debug|Any CPU.Build.0 = Debug|Any CPU
		{6AD0C315-E561-4F73-98D3-83946BD6A204}.Release|Any CPU.ActiveCfg = Release|Any CPU
		{6AD0C315-E561-4F73-98D3-83946BD6A204}.Release|Any CPU.Build.0 = Release|Any CPU
	EndGlobalSection
	GlobalSection(SolutionProperties) = preSolution
		HideSolutionNode = FALSE
	EndGlobalSection
	GlobalSection(ExtensibilityGlobals) = postSolution
		SolutionGuid = {74500CC3-5D08-44C7-A39B-2B5CB266613B}
	EndGlobalSection
EndGlobal
